{
  "meteor": {},
  "dependencies": {
    "basePackages": {
      "ogno-admin": {},
      "collection2": {}
    },
    "packages": {
      "ogno-admin": {
        "git": "https://github.com/matteodem/meteor-ogno-admin.git",
        "tag": "v0.2.5",
        "commit": "7d3010065a1813d92f2283bae9034ceb1679ef2b"
      },
      "collection2": {
        "git": "https://github.com/aldeed/meteor-collection2.git",
        "tag": "v0.3.3",
        "commit": "d5c99b1c0fe30778e683175ecb0dd36529e6271e"
      },
      "autoform": {
        "git": "https://github.com/aldeed/meteor-autoform.git",
        "tag": "v0.4.12",
        "commit": "043d05dfb9dc8a4df23114f621cbe4f4634dab46"
      },
      "iron-router": {
        "git": "https://github.com/EventedMind/iron-router.git",
        "tag": "v0.6.2",
        "commit": "ce56e58b45624dce992490f3a1c10f10d3948bae"
      },
      "pagination-mini": {
        "git": "https://github.com/huyinghuan/meteor-pagination-mini.git",
        "tag": "v0.0.2",
        "commit": "f07ab5ff58ae9d71ae4407cb3198d078a96750b0"
      },
      "semantic-ui": {
        "git": "https://github.com/nooitaf/meteor-semantic-ui.git",
        "tag": "v0.12.1",
        "commit": "6d895bcec1953a1dd609541288fccc3971520d72"
      },
      "simple-schema": {
        "git": "https://github.com/aldeed/meteor-simple-schema.git",
        "tag": "v0.2.31",
        "commit": "61a690523b0371cd35492df2fd1c85bfa59393ac"
      },
      "moment": {
        "git": "https://github.com/acreeger/meteor-moment.git",
        "tag": "v2.5.1",
        "commit": "8c9bc5d3fc96705057737cb9743d555417f6e551"
      }
    }
  }
}
